
Microsoft Visual Studio Solution File, Format Version 12.00
# Visual Studio 15
VisualStudioVersion = 15.0.27703.2035
MinimumVisualStudioVersion = 10.0.40219.1
Project("{FAE04EC0-301F-11D3-BF4B-00C04F79EFBC}") = "Production", "Production\Production.csproj", "{1E5739F7-9FE9-475B-BB58-02FE2A700F93}"
EndProject
Project("{FAE04EC0-301F-11D3-BF4B-00C04F79EFBC}") = "Test", "Test\Test.csproj", "{BA64A7A0-B184-4188-9DBB-BCD6FB3CCFE1}"
EndProject
Global
	GlobalSection(SolutionConfigurationPlatforms) = preSolution
		Debug|Any CPU = Debug|Any CPU
		Release|Any CPU = Release|Any CPU
	EndGlobalSection
	GlobalSection(ProjectConfigurationPlatforms) = postSolution
		{1E5739F7-9FE9-475B-BB58-02FE2A700F93}.Debug|Any CPU.ActiveCfg = Debug|Any CPU
		{1E5739F7-9FE9-475B-BB58-02FE2A700F93}.Debug|Any CPU.Build.0 = Debug|Any CPU
		{1E5739F7-9FE9-475B-BB58-02FE2A700F93}.Release|Any CPU.ActiveCfg = Release|Any CPU
		{1E5739F7-9FE9-475B-BB58-02FE2A700F93}.Release|Any CPU.Build.0 = Release|Any CPU
		{BA64A7A0-B184-4188-9DBB-BCD6FB3CCFE1}.Debug|Any CPU.ActiveCfg = Debug|Any CPU
		{BA64A7A0-B184-4188-9DBB-BCD6FB3CCFE1}.Debug|Any CPU.Build.0 = Debug|Any CPU
		{BA64A7A0-B184-4188-9DBB-BCD6FB3CCFE1}.Release|Any CPU.ActiveCfg = Release|Any CPU
		{BA64A7A0-B184-4188-9DBB-BCD6FB3CCFE1}.Release|Any CPU.Build.0 = Release|Any CPU
	EndGlobalSection
	GlobalSection(SolutionProperties) = preSolution
		HideSolutionNode = FALSE
	EndGlobalSection
	GlobalSection(ExtensibilityGlobals) = postSolution
		SolutionGuid = {3769966F-7B6C-4A4D-985A-6DF26729980D}
	EndGlobalSection
EndGlobal
